
Microsoft Visual Studio Solution File, Format Version 12.00
# Visual Studio Version 17
VisualStudioVersion = 17.5.33530.505
MinimumVisualStudioVersion = 10.0.40219.1
Project("{FAE04EC0-301F-11D3-BF4B-00C04F79EFBC}") = "StatisticMVC", "StatisticMVC\StatisticMVC.csproj", "{AD9A603F-3F0D-4870-A1C5-7923767CCB8C}"
EndProject
Global
	GlobalSection(SolutionConfigurationPlatforms) = preSolution
		Debug|Any CPU = Debug|Any CPU
		Release|Any CPU = Release|Any CPU
	EndGlobalSection
	GlobalSection(ProjectConfigurationPlatforms) = postSolution
		{AD9A603F-3F0D-4870-A1C5-7923767CCB8C}.Debug|Any CPU.ActiveCfg = Debug|Any CPU
		{AD9A603F-3F0D-4870-A1C5-7923767CCB8C}.Debug|Any CPU.Build.0 = Debug|Any CPU
		{AD9A603F-3F0D-4870-A1C5-7923767CCB8C}.Release|Any CPU.ActiveCfg = Release|Any CPU
		{AD9A603F-3F0D-4870-A1C5-7923767CCB8C}.Release|Any CPU.Build.0 = Release|Any CPU
	EndGlobalSection
	GlobalSection(SolutionProperties) = preSolution
		HideSolutionNode = FALSE
	EndGlobalSection
	GlobalSection(ExtensibilityGlobals) = postSolution
		SolutionGuid = {A63BF4DD-C463-4926-AB65-6F288FDD2E60}
	EndGlobalSection
EndGlobal
